
Microsoft Visual Studio Solution File, Format Version 12.00
# Visual Studio Version 16
VisualStudioVersion = 16.0.32602.291
MinimumVisualStudioVersion = 10.0.40219.1
Project("{FAE04EC0-301F-11D3-BF4B-00C04F79EFBC}") = "exchien", "exchien\exchien.csproj", "{3EA53E55-B52C-4200-9A3F-9306553AD509}"
EndProject
Global
	GlobalSection(SolutionConfigurationPlatforms) = preSolution
		Debug|Any CPU = Debug|Any CPU
		Release|Any CPU = Release|Any CPU
	EndGlobalSection
	GlobalSection(ProjectConfigurationPlatforms) = postSolution
		{3EA53E55-B52C-4200-9A3F-9306553AD509}.Debug|Any CPU.ActiveCfg = Debug|Any CPU
		{3EA53E55-B52C-4200-9A3F-9306553AD509}.Debug|Any CPU.Build.0 = Debug|Any CPU
		{3EA53E55-B52C-4200-9A3F-9306553AD509}.Release|Any CPU.ActiveCfg = Release|Any CPU
		{3EA53E55-B52C-4200-9A3F-9306553AD509}.Release|Any CPU.Build.0 = Release|Any CPU
	EndGlobalSection
	GlobalSection(SolutionProperties) = preSolution
		HideSolutionNode = FALSE
	EndGlobalSection
	GlobalSection(ExtensibilityGlobals) = postSolution
		SolutionGuid = {86683ACF-3862-4142-AB67-E5EB6DB1CCB3}
	EndGlobalSection
EndGlobal
